
Microsoft Visual Studio Solution File, Format Version 12.00
# Visual Studio Version 17
VisualStudioVersion = 17.11.35208.52
MinimumVisualStudioVersion = 10.0.40219.1
Project("{FAE04EC0-301F-11D3-BF4B-00C04F79EFBC}") = "EJERCICIO2 SEMANA9", "EJERCICIO2 SEMANA9\EJERCICIO2 SEMANA9.csproj", "{3709DC6C-04CA-4212-A097-3C730C13A81F}"
EndProject
Global
	GlobalSection(SolutionConfigurationPlatforms) = preSolution
		Debug|Any CPU = Debug|Any CPU
		Release|Any CPU = Release|Any CPU
	EndGlobalSection
	GlobalSection(ProjectConfigurationPlatforms) = postSolution
		{3709DC6C-04CA-4212-A097-3C730C13A81F}.Debug|Any CPU.ActiveCfg = Debug|Any CPU
		{3709DC6C-04CA-4212-A097-3C730C13A81F}.Debug|Any CPU.Build.0 = Debug|Any CPU
		{3709DC6C-04CA-4212-A097-3C730C13A81F}.Release|Any CPU.ActiveCfg = Release|Any CPU
		{3709DC6C-04CA-4212-A097-3C730C13A81F}.Release|Any CPU.Build.0 = Release|Any CPU
	EndGlobalSection
	GlobalSection(SolutionProperties) = preSolution
		HideSolutionNode = FALSE
	EndGlobalSection
	GlobalSection(ExtensibilityGlobals) = postSolution
		SolutionGuid = {1D2FDCD9-5135-4B60-A7DD-24D266D8AA83}
	EndGlobalSection
EndGlobal
